{
  "originHash" : "2e6f1b0e9206478dbf0dd12a35f74562cb1e0efa60df66f116594f050d84c0dd",
  "pins" : [
    {
      "identity" : "llama.swift",
      "kind" : "remoteSourceControl",
      "location" : "https://github.com/mattt/llama.swift",
      "state" : {
        "revision" : "bca881ff85aa518e4c3afe4106d05f59c0654e65",
        "version" : "2.7690.0"
      }
    }
  ],
  "version" : 3
}
